
Microsoft Visual Studio Solution File, Format Version 12.00
# Visual Studio 2013
VisualStudioVersion = 12.0.30110.0
MinimumVisualStudioVersion = 10.0.40219.1
Project("{FAE04EC0-301F-11D3-BF4B-00C04F79EFBC}") = "P1_Shapes", "P1_Shapes\P1_Shapes.csproj", "{BE014602-D6C0-4506-9A32-CE4A429C118C}"
EndProject
Project("{FAE04EC0-301F-11D3-BF4B-00C04F79EFBC}") = "P2_Bank_of_Kurtovo_Konare", "P2_Bank_of_Kurtovo_Konare\P2_Bank_of_Kurtovo_Konare.csproj", "{3AB3CB47-F60A-4EE4-A832-A8C01EF6BFB2}"
EndProject
Global
	GlobalSection(SolutionConfigurationPlatforms) = preSolution
		Debug|Any CPU = Debug|Any CPU
		Release|Any CPU = Release|Any CPU
	EndGlobalSection
	GlobalSection(ProjectConfigurationPlatforms) = postSolution
		{BE014602-D6C0-4506-9A32-CE4A429C118C}.Debug|Any CPU.ActiveCfg = Debug|Any CPU
		{BE014602-D6C0-4506-9A32-CE4A429C118C}.Debug|Any CPU.Build.0 = Debug|Any CPU
		{BE014602-D6C0-4506-9A32-CE4A429C118C}.Release|Any CPU.ActiveCfg = Release|Any CPU
		{BE014602-D6C0-4506-9A32-CE4A429C118C}.Release|Any CPU.Build.0 = Release|Any CPU
		{3AB3CB47-F60A-4EE4-A832-A8C01EF6BFB2}.Debug|Any CPU.ActiveCfg = Debug|Any CPU
		{3AB3CB47-F60A-4EE4-A832-A8C01EF6BFB2}.Debug|Any CPU.Build.0 = Debug|Any CPU
		{3AB3CB47-F60A-4EE4-A832-A8C01EF6BFB2}.Release|Any CPU.ActiveCfg = Release|Any CPU
		{3AB3CB47-F60A-4EE4-A832-A8C01EF6BFB2}.Release|Any CPU.Build.0 = Release|Any CPU
	EndGlobalSection
	GlobalSection(SolutionProperties) = preSolution
		HideSolutionNode = FALSE
	EndGlobalSection
EndGlobal
